
Microsoft Visual Studio Solution File, Format Version 12.00
# Visual Studio Version 16
VisualStudioVersion = 25.0.1704.4
MinimumVisualStudioVersion = 10.0.40219.1
Project("{FAE04EC0-301F-11D3-BF4B-00C04F79EFBC}") = "MethodOverloading2", "MethodOverloading2\MethodOverloading2.csproj", "{6B65E59E-E884-4B02-801C-1C8126E3A75A}"
EndProject
Global
	GlobalSection(SolutionConfigurationPlatforms) = preSolution
		Debug|Any CPU = Debug|Any CPU
		Release|Any CPU = Release|Any CPU
	EndGlobalSection
	GlobalSection(ProjectConfigurationPlatforms) = postSolution
		{6B65E59E-E884-4B02-801C-1C8126E3A75A}.Debug|Any CPU.ActiveCfg = Debug|Any CPU
		{6B65E59E-E884-4B02-801C-1C8126E3A75A}.Debug|Any CPU.Build.0 = Debug|Any CPU
		{6B65E59E-E884-4B02-801C-1C8126E3A75A}.Release|Any CPU.ActiveCfg = Release|Any CPU
		{6B65E59E-E884-4B02-801C-1C8126E3A75A}.Release|Any CPU.Build.0 = Release|Any CPU
	EndGlobalSection
	GlobalSection(SolutionProperties) = preSolution
		HideSolutionNode = FALSE
	EndGlobalSection
	GlobalSection(ExtensibilityGlobals) = postSolution
		SolutionGuid = {FB055FD1-A3F5-479F-AF5C-21484EB920AA}
	EndGlobalSection
EndGlobal
